// !$*UTF8*$!
{
	archiveVersion = 1;
	classes = {
	};
	objectVersion = 46;
	objects = {

/* Begin PBXBuildFile section */
		6904EEAB1CBA943200D30FF0 /* UserInfoView.m in Sources */ = {isa = PBXBuildFile; fileRef = 6904EEAA1CBA943200D30FF0 /* UserInfoView.m */; };
		693CB4861CCF631B00E0269A /* lockstart.png in Resources */ = {isa = PBXBuildFile; fileRef = 693CB4851CCF631B00E0269A /* lockstart.png */; };
		693CB4881CCF63B300E0269A /* icon.png in Resources */ = {isa = PBXBuildFile; fileRef = 693CB4871CCF63B300E0269A /* icon.png */; };
		694277F51CBA404D00F5887E /* main.m in Sources */ = {isa = PBXBuildFile; fileRef = 694277F41CBA404D00F5887E /* main.m */; };
		694277F81CBA404D00F5887E /* AppDelegate.m in Sources */ = {isa = PBXBuildFile; fileRef = 694277F71CBA404D00F5887E /* AppDelegate.m */; };
		694277FB1CBA404D00F5887E /* ViewController.m in Sources */ = {isa = PBXBuildFile; fileRef = 694277FA1CBA404D00F5887E /* ViewController.m */; };
		694278011CBA404D00F5887E /* SmartLock.xcdatamodeld in Sources */ = {isa = PBXBuildFile; fileRef = 694277FF1CBA404D00F5887E /* SmartLock.xcdatamodeld */; };
		694278031CBA404D00F5887E /* Assets.xcassets in Resources */ = {isa = PBXBuildFile; fileRef = 694278021CBA404D00F5887E /* Assets.xcassets */; };
		694278061CBA404D00F5887E /* LaunchScreen.storyboard in Resources */ = {isa = PBXBuildFile; fileRef = 694278041CBA404D00F5887E /* LaunchScreen.storyboard */; };
		69533EA91CD2097900153441 /* baiduNaviSDK.bundle in Resources */ = {isa = PBXBuildFile; fileRef = 69533EA51CD2097900153441 /* baiduNaviSDK.bundle */; };
		69533EAC1CD2097900153441 /* libbaiduNaviSDK.a in Frameworks */ = {isa = PBXBuildFile; fileRef = 69533EA81CD2097900153441 /* libbaiduNaviSDK.a */; };
		69533EB91CD209C300153441 /* libBaiduMobStatForSDK.a in Frameworks */ = {isa = PBXBuildFile; fileRef = 69533EB81CD209C300153441 /* libBaiduMobStatForSDK.a */; };
		69533EC01CD20B1500153441 /* AudioToolbox.framework in Frameworks */ = {isa = PBXBuildFile; fileRef = 69533EBA1CD20B1500153441 /* AudioToolbox.framework */; };
		69533EC11CD20B1500153441 /* AVFoundation.framework in Frameworks */ = {isa = PBXBuildFile; fileRef = 69533EBB1CD20B1500153441 /* AVFoundation.framework */; };
		69533EC21CD20B1500153441 /* CoreLocation.framework in Frameworks */ = {isa = PBXBuildFile; fileRef = 69533EBC1CD20B1500153441 /* CoreLocation.framework */; };
		69533EC31CD20B1500153441 /* CoreMotion.framework in Frameworks */ = {isa = PBXBuildFile; fileRef = 69533EBD1CD20B1500153441 /* CoreMotion.framework */; };
		69533EC41CD20B1500153441 /* CoreTelephony.framework in Frameworks */ = {isa = PBXBuildFile; fileRef = 69533EBE1CD20B1500153441 /* CoreTelephony.framework */; };
		69533EC51CD20B1500153441 /* libstdc++.6.0.9.tbd in Frameworks */ = {isa = PBXBuildFile; fileRef = 69533EBF1CD20B1500153441 /* libstdc++.6.0.9.tbd */; };
		69533EC81CD20B2F00153441 /* ImageIO.framework in Frameworks */ = {isa = PBXBuildFile; fileRef = 69533EC61CD20B2F00153441 /* ImageIO.framework */; };
		69533EC91CD20B2F00153441 /* SystemConfiguration.framework in Frameworks */ = {isa = PBXBuildFile; fileRef = 69533EC71CD20B2F00153441 /* SystemConfiguration.framework */; };
		69533ECB1CD20B4B00153441 /* MediaPlayer.framework in Frameworks */ = {isa = PBXBuildFile; fileRef = 69533ECA1CD20B4B00153441 /* MediaPlayer.framework */; };
		69649BC51CE4A14700624930 /* AES128.c in Sources */ = {isa = PBXBuildFile; fileRef = 69649BC41CE4A14700624930 /* AES128.c */; };
		696E8E901CD05C520034CCBC /* BaiduDituNaviView.m in Sources */ = {isa = PBXBuildFile; fileRef = 696E8E8E1CD05C520034CCBC /* BaiduDituNaviView.m */; };
		696E8E911CD05C520034CCBC /* BaiduDituNaviView.xib in Resources */ = {isa = PBXBuildFile; fileRef = 696E8E8F1CD05C520034CCBC /* BaiduDituNaviView.xib */; };
		696E9DCC1CCE495C0004BE13 /* KeyManagementView.xib in Resources */ = {isa = PBXBuildFile; fileRef = 696E9DCB1CCE495C0004BE13 /* KeyManagementView.xib */; };
		696E9DD01CCE4F440004BE13 /* EntranceManageView.m in Sources */ = {isa = PBXBuildFile; fileRef = 696E9DCF1CCE4F440004BE13 /* EntranceManageView.m */; };
		696E9DD51CCE63FD0004BE13 /* changeUserInfoView.m in Sources */ = {isa = PBXBuildFile; fileRef = 696E9DD31CCE63FD0004BE13 /* changeUserInfoView.m */; };
		696E9DD61CCE63FD0004BE13 /* changeUserInfoView.xib in Resources */ = {isa = PBXBuildFile; fileRef = 696E9DD41CCE63FD0004BE13 /* changeUserInfoView.xib */; };
		696F173C1CC07E1E00BF93BF /* MainTabView.m in Sources */ = {isa = PBXBuildFile; fileRef = 696F173B1CC07E1E00BF93BF /* MainTabView.m */; };
		697662A91CC4DFF700FFD793 /* Post.m in Sources */ = {isa = PBXBuildFile; fileRef = 697662A81CC4DFF700FFD793 /* Post.m */; };
		697C07581CD234B200C6500E /* libsqlite3.0.tbd in Frameworks */ = {isa = PBXBuildFile; fileRef = 697C07571CD234B200C6500E /* libsqlite3.0.tbd */; };
		697C075C1CD24A1C00C6500E /* GetDelegate.m in Sources */ = {isa = PBXBuildFile; fileRef = 697C075B1CD24A1C00C6500E /* GetDelegate.m */; };
		697CCE7B1CCA14B300C3846A /* login_logo.png in Resources */ = {isa = PBXBuildFile; fileRef = 697CCE7A1CCA14B300C3846A /* login_logo.png */; };
		698177F01CC87146009C7120 /* ApplyWorkView.m in Sources */ = {isa = PBXBuildFile; fileRef = 698177EF1CC87146009C7120 /* ApplyWorkView.m */; };
		698177F31CC8715E009C7120 /* ClassifyWorkView.m in Sources */ = {isa = PBXBuildFile; fileRef = 698177F21CC8715E009C7120 /* ClassifyWorkView.m */; };
		698396E51CCCCB2100377893 /* ApplyWorkView.xib in Resources */ = {isa = PBXBuildFile; fileRef = 698396E31CCCCB2100377893 /* ApplyWorkView.xib */; };
		6985694A1CC7703700A2E3F8 /* BLECommunication.m in Sources */ = {isa = PBXBuildFile; fileRef = 698569491CC7703700A2E3F8 /* BLECommunication.m */; };
		6986CD841CC91339000550E6 /* WorkDetailView.m in Sources */ = {isa = PBXBuildFile; fileRef = 6986CD831CC91339000550E6 /* WorkDetailView.m */; };
		6987AFE61CCC729700D08141 /* task.png in Resources */ = {isa = PBXBuildFile; fileRef = 6987AFE21CCC729600D08141 /* task.png */; };
		6987AFE71CCC729700D08141 /* discover-search@3x.png in Resources */ = {isa = PBXBuildFile; fileRef = 6987AFE31CCC729600D08141 /* discover-search@3x.png */; };
		6987AFE81CCC729700D08141 /* me-message@3x.png in Resources */ = {isa = PBXBuildFile; fileRef = 6987AFE41CCC729600D08141 /* me-message@3x.png */; };
		6987AFE91CCC729700D08141 /* lock.png in Resources */ = {isa = PBXBuildFile; fileRef = 6987AFE51CCC729600D08141 /* lock.png */; };
		6987AFEB1CCC731B00D08141 /* person.png in Resources */ = {isa = PBXBuildFile; fileRef = 6987AFEA1CCC731B00D08141 /* person.png */; };
		6987AFF11CCC74EF00D08141 /* me-message@2x.png in Resources */ = {isa = PBXBuildFile; fileRef = 6987AFEC1CCC74EF00D08141 /* me-message@2x.png */; };
		6987AFF21CCC74EF00D08141 /* Profile@2x.png in Resources */ = {isa = PBXBuildFile; fileRef = 6987AFED1CCC74EF00D08141 /* Profile@2x.png */; };
		6987AFF31CCC74EF00D08141 /* ProfileLockOn@2x.png in Resources */ = {isa = PBXBuildFile; fileRef = 6987AFEE1CCC74EF00D08141 /* ProfileLockOn@2x.png */; };
		6987AFF41CCC74EF00D08141 /* Shake_icon_peopleHL@2x.png in Resources */ = {isa = PBXBuildFile; fileRef = 6987AFEF1CCC74EF00D08141 /* Shake_icon_peopleHL@2x.png */; };
		6987AFF51CCC74EF00D08141 /* tabbar_meHL@2x.png in Resources */ = {isa = PBXBuildFile; fileRef = 6987AFF01CCC74EF00D08141 /* tabbar_meHL@2x.png */; };
		6987AFF71CCC774500D08141 /* resizeApi.png in Resources */ = {isa = PBXBuildFile; fileRef = 6987AFF61CCC774500D08141 /* resizeApi.png */; };
		6987AFF91CCC777900D08141 /* lock32.png in Resources */ = {isa = PBXBuildFile; fileRef = 6987AFF81CCC777900D08141 /* lock32.png */; };
		6996085A1CCA3EC700B5CF3B /* icon_ltg.png in Resources */ = {isa = PBXBuildFile; fileRef = 699608591CCA3EC700B5CF3B /* icon_ltg.png */; };
		69A688E31CBFE5450017ECA7 /* ManageWorkView.m in Sources */ = {isa = PBXBuildFile; fileRef = 69A688E11CBFE5450017ECA7 /* ManageWorkView.m */; };
		69B25B821CCD1B22006AE96B /* ClassifyWorkView.xib in Resources */ = {isa = PBXBuildFile; fileRef = 69B25B801CCD1B22006AE96B /* ClassifyWorkView.xib */; };
		69B25B841CCD1C75006AE96B /* BLECommunication.xib in Resources */ = {isa = PBXBuildFile; fileRef = 69B25B831CCD1C75006AE96B /* BLECommunication.xib */; };
		69B25B861CCD20DA006AE96B /* WorkDetailView.xib in Resources */ = {isa = PBXBuildFile; fileRef = 69B25B851CCD20DA006AE96B /* WorkDetailView.xib */; };
		69B8FD0D1CC7169000A95981 /* KeyManagementView.m in Sources */ = {isa = PBXBuildFile; fileRef = 69B8FD0C1CC7169000A95981 /* KeyManagementView.m */; };
		69B8FD101CC71B2D00A95981 /* Main.storyboard in Resources */ = {isa = PBXBuildFile; fileRef = 69B8FD0E1CC71B2D00A95981 /* Main.storyboard */; };
		69E4F0AF1CD09B0C00E5A9C7 /* Default-568h@2x.png in Resources */ = {isa = PBXBuildFile; fileRef = 69E4F0AE1CD09B0C00E5A9C7 /* Default-568h@2x.png */; };
		69E817BD1CDDFF8C0075A722 /* APPDoorCommunication.m in Sources */ = {isa = PBXBuildFile; fileRef = 69E817BB1CDDFF8C0075A722 /* APPDoorCommunication.m */; };
		69E817BE1CDDFF8C0075A722 /* APPDoorCommunication.xib in Resources */ = {isa = PBXBuildFile; fileRef = 69E817BC1CDDFF8C0075A722 /* APPDoorCommunication.xib */; };
		69E817C01CDE0CE20075A722 /* CRC16.c in Sources */ = {isa = PBXBuildFile; fileRef = 69E817BF1CDE0CE20075A722 /* CRC16.c */; };
		69E817C51CDE1A020075A722 /* LocalAppHistory.m in Sources */ = {isa = PBXBuildFile; fileRef = 69E817C31CDE1A020075A722 /* LocalAppHistory.m */; };
		69E817C61CDE1A020075A722 /* LocalAppHistory.xib in Resources */ = {isa = PBXBuildFile; fileRef = 69E817C41CDE1A020075A722 /* LocalAppHistory.xib */; };
		69FFBA9F1CE41EAA001A89D1 /* HeiZhimaDebug.m in Sources */ = {isa = PBXBuildFile; fileRef = 69FFBA9D1CE41EAA001A89D1 /* HeiZhimaDebug.m */; };
		69FFBAA01CE41EAA001A89D1 /* HeiZhimaDebug.xib in Resources */ = {isa = PBXBuildFile; fileRef = 69FFBA9E1CE41EAA001A89D1 /* HeiZhimaDebug.xib */; };
		D0619C309523B62948FB9D46 /* libPods.a in Frameworks */ = {isa = PBXBuildFile; fileRef = E75B510AEF33EB9BEE478B96 /* libPods.a */; };
/* End PBXBuildFile section */

/* Begin PBXContainerItemProxy section */
		6942780D1CBA404D00F5887E /* PBXContainerItemProxy */ = {
			isa = PBXContainerItemProxy;
			containerPortal = 694277E81CBA404D00F5887E /* Project object */;
			proxyType = 1;
			remoteGlobalIDString = 694277EF1CBA404D00F5887E;
			remoteInfo = SmartLock;
		};
		694278181CBA404D00F5887E /* PBXContainerItemProxy */ = {
			isa = PBXContainerItemProxy;
			containerPortal = 694277E81CBA404D00F5887E /* Project object */;
			proxyType = 1;
			remoteGlobalIDString = 694277EF1CBA404D00F5887E;
			remoteInfo = SmartLock;
		};
/* End PBXContainerItemProxy section */

/* Begin PBXCopyFilesBuildPhase section */
		69AB44901CBB37BD006AEDF0 /* CopyFiles */ = {
			isa = PBXCopyFilesBuildPhase;
			buildActionMask = 2147483647;
			dstPath = /usr/share/man/man1/;
			dstSubfolderSpec = 0;
			files = (
			);
			runOnlyForDeploymentPostprocessing = 1;
		};
/* End PBXCopyFilesBuildPhase section */

/* Begin PBXFileReference section */
		2C8AABB6A010CD16C003EDFB /* Pods.release.xcconfig */ = {isa = PBXFileReference; includeInIndex = 1; lastKnownFileType = text.xcconfig; name = Pods.release.xcconfig; path = "Pods/Target Support Files/Pods/Pods.release.xcconfig"; sourceTree = "<group>"; };
		31D161764E5B0EFE2DE51934 /* Pods.debug.xcconfig */ = {isa = PBXFileReference; includeInIndex = 1; lastKnownFileType = text.xcconfig; name = Pods.debug.xcconfig; path = "Pods/Target Support Files/Pods/Pods.debug.xcconfig"; sourceTree = "<group>"; };
		690358291CD993BE003FF907 /* CRC16.h */ = {isa = PBXFileReference; lastKnownFileType = sourcecode.c.h; path = CRC16.h; sourceTree = "<group>"; };
		6904EEA91CBA943200D30FF0 /* UserInfoView.h */ = {isa = PBXFileReference; fileEncoding = 4; lastKnownFileType = sourcecode.c.h; name = UserInfoView.h; path = SmartLock/UserInfoView.h; sourceTree = "<group>"; };
		6904EEAA1CBA943200D30FF0 /* UserInfoView.m */ = {isa = PBXFileReference; fileEncoding = 4; lastKnownFileType = sourcecode.c.objc; name = UserInfoView.m; path = SmartLock/UserInfoView.m; sourceTree = "<group>"; };
		693CB4851CCF631B00E0269A /* lockstart.png */ = {isa = PBXFileReference; lastKnownFileType = image.png; path = lockstart.png; sourceTree = "<group>"; };
		693CB4871CCF63B300E0269A /* icon.png */ = {isa = PBXFileReference; lastKnownFileType = image.png; path = icon.png; sourceTree = "<group>"; };
		694277F01CBA404D00F5887E /* SmartLock.app */ = {isa = PBXFileReference; explicitFileType = wrapper.application; includeInIndex = 0; path = SmartLock.app; sourceTree = BUILT_PRODUCTS_DIR; };
		694277F41CBA404D00F5887E /* main.m */ = {isa = PBXFileReference; lastKnownFileType = sourcecode.c.objc; path = main.m; sourceTree = "<group>"; };
		694277F61CBA404D00F5887E /* AppDelegate.h */ = {isa = PBXFileReference; lastKnownFileType = sourcecode.c.h; name = AppDelegate.h; path = SmartLock/AppDelegate.h; sourceTree = "<group>"; };
		694277F71CBA404D00F5887E /* AppDelegate.m */ = {isa = PBXFileReference; lastKnownFileType = sourcecode.c.objc; name = AppDelegate.m; path = SmartLock/AppDelegate.m; sourceTree = "<group>"; };
		694277F91CBA404D00F5887E /* ViewController.h */ = {isa = PBXFileReference; lastKnownFileType = sourcecode.c.h; path = ViewController.h; sourceTree = "<group>"; };
		694277FA1CBA404D00F5887E /* ViewController.m */ = {isa = PBXFileReference; lastKnownFileType = sourcecode.c.objc; path = ViewController.m; sourceTree = "<group>"; };
		694278001CBA404D00F5887E /* SmartLock.xcdatamodel */ = {isa = PBXFileReference; lastKnownFileType = wrapper.xcdatamodel; path = SmartLock.xcdatamodel; sourceTree = "<group>"; };
		694278021CBA404D00F5887E /* Assets.xcassets */ = {isa = PBXFileReference; lastKnownFileType = folder.assetcatalog; name = Assets.xcassets; path = SmartLock/Assets.xcassets; sourceTree = "<group>"; };
		694278051CBA404D00F5887E /* Base */ = {isa = PBXFileReference; lastKnownFileType = file.storyboard; name = Base; path = Base.lproj/LaunchScreen.storyboard; sourceTree = "<group>"; };
		694278071CBA404D00F5887E /* Info.plist */ = {isa = PBXFileReference; lastKnownFileType = text.plist.xml; name = Info.plist; path = SmartLock/Info.plist; sourceTree = "<group>"; };
		6942780C1CBA404D00F5887E /* SmartLockTests.xctest */ = {isa = PBXFileReference; explicitFileType = wrapper.cfbundle; includeInIndex = 0; path = SmartLockTests.xctest; sourceTree = BUILT_PRODUCTS_DIR; };
		694278171CBA404D00F5887E /* SmartLockUITests.xctest */ = {isa = PBXFileReference; explicitFileType = wrapper.cfbundle; includeInIndex = 0; path = SmartLockUITests.xctest; sourceTree = BUILT_PRODUCTS_DIR; };
		69533EA51CD2097900153441 /* baiduNaviSDK.bundle */ = {isa = PBXFileReference; lastKnownFileType = "wrapper.plug-in"; name = baiduNaviSDK.bundle; path = BaiduNaviSDK/baiduNaviSDK.bundle; sourceTree = "<group>"; };
		69533EA81CD2097900153441 /* libbaiduNaviSDK.a */ = {isa = PBXFileReference; lastKnownFileType = archive.ar; name = libbaiduNaviSDK.a; path = BaiduNaviSDK/libbaiduNaviSDK.a; sourceTree = "<group>"; };
		69533EAD1CD209A200153441 /* BNCommonDef.h */ = {isa = PBXFileReference; lastKnownFileType = sourcecode.c.h; name = BNCommonDef.h; path = BaiduNaviSDK/inc/BNCommonDef.h; sourceTree = "<group>"; };
		69533EAE1CD209A200153441 /* BNCoreServices.h */ = {isa = PBXFileReference; lastKnownFileType = sourcecode.c.h; name = BNCoreServices.h; path = BaiduNaviSDK/inc/BNCoreServices.h; sourceTree = "<group>"; };
		69533EAF1CD209A200153441 /* BNLocation.h */ = {isa = PBXFileReference; lastKnownFileType = sourcecode.c.h; name = BNLocation.h; path = BaiduNaviSDK/inc/BNLocation.h; sourceTree = "<group>"; };
		69533EB01CD209A200153441 /* BNLocationManagerProtocol.h */ = {isa = PBXFileReference; lastKnownFileType = sourcecode.c.h; name = BNLocationManagerProtocol.h; path = BaiduNaviSDK/inc/BNLocationManagerProtocol.h; sourceTree = "<group>"; };
		69533EB11CD209A200153441 /* BNRoutePlanManagerProtocol.h */ = {isa = PBXFileReference; lastKnownFileType = sourcecode.c.h; name = BNRoutePlanManagerProtocol.h; path = BaiduNaviSDK/inc/BNRoutePlanManagerProtocol.h; sourceTree = "<group>"; };
		69533EB21CD209A200153441 /* BNRoutePlanModel.h */ = {isa = PBXFileReference; lastKnownFileType = sourcecode.c.h; name = BNRoutePlanModel.h; path = BaiduNaviSDK/inc/BNRoutePlanModel.h; sourceTree = "<group>"; };
		69533EB31CD209A200153441 /* BNSoundEventProtocol.h */ = {isa = PBXFileReference; lastKnownFileType = sourcecode.c.h; name = BNSoundEventProtocol.h; path = BaiduNaviSDK/inc/BNSoundEventProtocol.h; sourceTree = "<group>"; };
		69533EB41CD209A200153441 /* BNStrategyManagerProtocol.h */ = {isa = PBXFileReference; lastKnownFileType = sourcecode.c.h; name = BNStrategyManagerProtocol.h; path = BaiduNaviSDK/inc/BNStrategyManagerProtocol.h; sourceTree = "<group>"; };
		69533EB51CD209A200153441 /* BNUIManagerProtocol.h */ = {isa = PBXFileReference; lastKnownFileType = sourcecode.c.h; name = BNUIManagerProtocol.h; path = BaiduNaviSDK/inc/BNUIManagerProtocol.h; sourceTree = "<group>"; };
		69533EB61CD209C300153441 /* BaiduMobStat.h */ = {isa = PBXFileReference; fileEncoding = 4; lastKnownFileType = sourcecode.c.h; name = BaiduMobStat.h; path = BaiduNaviSDK/BaiduStatistics/BaiduMobStat.h; sourceTree = "<group>"; };
		69533EB71CD209C300153441 /* BaiduMobStatForSDK.h */ = {isa = PBXFileReference; fileEncoding = 4; lastKnownFileType = sourcecode.c.h; name = BaiduMobStatForSDK.h; path = BaiduNaviSDK/BaiduStatistics/BaiduMobStatForSDK.h; sourceTree = "<group>"; };
		69533EB81CD209C300153441 /* libBaiduMobStatForSDK.a */ = {isa = PBXFileReference; lastKnownFileType = archive.ar; name = libBaiduMobStatForSDK.a; path = BaiduNaviSDK/BaiduStatistics/libBaiduMobStatForSDK.a; sourceTree = "<group>"; };
		69533EBA1CD20B1500153441 /* AudioToolbox.framework */ = {isa = PBXFileReference; lastKnownFileType = wrapper.framework; name = AudioToolbox.framework; path = System/Library/Frameworks/AudioToolbox.framework; sourceTree = SDKROOT; };
		69533EBB1CD20B1500153441 /* AVFoundation.framework */ = {isa = PBXFileReference; lastKnownFileType = wrapper.framework; name = AVFoundation.framework; path = System/Library/Frameworks/AVFoundation.framework; sourceTree = SDKROOT; };
		69533EBC1CD20B1500153441 /* CoreLocation.framework */ = {isa = PBXFileReference; lastKnownFileType = wrapper.framework; name = CoreLocation.framework; path = System/Library/Frameworks/CoreLocation.framework; sourceTree = SDKROOT; };
		69533EBD1CD20B1500153441 /* CoreMotion.framework */ = {isa = PBXFileReference; lastKnownFileType = wrapper.framework; name = CoreMotion.framework; path = System/Library/Frameworks/CoreMotion.framework; sourceTree = SDKROOT; };
		69533EBE1CD20B1500153441 /* CoreTelephony.framework */ = {isa = PBXFileReference; lastKnownFileType = wrapper.framework; name = CoreTelephony.framework; path = System/Library/Frameworks/CoreTelephony.framework; sourceTree = SDKROOT; };
		69533EBF1CD20B1500153441 /* libstdc++.6.0.9.tbd */ = {isa = PBXFileReference; lastKnownFileType = "sourcecode.text-based-dylib-definition"; name = "libstdc++.6.0.9.tbd"; path = "usr/lib/libstdc++.6.0.9.tbd"; sourceTree = SDKROOT; };
		69533EC61CD20B2F00153441 /* ImageIO.framework */ = {isa = PBXFileReference; lastKnownFileType = wrapper.framework; name = ImageIO.framework; path = System/Library/Frameworks/ImageIO.framework; sourceTree = SDKROOT; };
		69533EC71CD20B2F00153441 /* SystemConfiguration.framework */ = {isa = PBXFileReference; lastKnownFileType = wrapper.framework; name = SystemConfiguration.framework; path = System/Library/Frameworks/SystemConfiguration.framework; sourceTree = SDKROOT; };
		69533ECA1CD20B4B00153441 /* MediaPlayer.framework */ = {isa = PBXFileReference; lastKnownFileType = wrapper.framework; name = MediaPlayer.framework; path = System/Library/Frameworks/MediaPlayer.framework; sourceTree = SDKROOT; };
		69649BC31CE4A13200624930 /* AES128.h */ = {isa = PBXFileReference; lastKnownFileType = sourcecode.c.h; path = AES128.h; sourceTree = "<group>"; };
		69649BC41CE4A14700624930 /* AES128.c */ = {isa = PBXFileReference; fileEncoding = 4; lastKnownFileType = sourcecode.c.c; path = AES128.c; sourceTree = "<group>"; };
		696E8E8D1CD05C520034CCBC /* BaiduDituNaviView.h */ = {isa = PBXFileReference; fileEncoding = 4; lastKnownFileType = sourcecode.c.h; path = BaiduDituNaviView.h; sourceTree = "<group>"; };
		696E8E8E1CD05C520034CCBC /* BaiduDituNaviView.m */ = {isa = PBXFileReference; fileEncoding = 4; lastKnownFileType = sourcecode.c.objc; path = BaiduDituNaviView.m; sourceTree = "<group>"; };
		696E8E8F1CD05C520034CCBC /* BaiduDituNaviView.xib */ = {isa = PBXFileReference; fileEncoding = 4; lastKnownFileType = file.xib; path = BaiduDituNaviView.xib; sourceTree = "<group>"; };
		696E9DCB1CCE495C0004BE13 /* KeyManagementView.xib */ = {isa = PBXFileReference; fileEncoding = 4; lastKnownFileType = file.xib; path = KeyManagementView.xib; sourceTree = "<group>"; };
		696E9DCE1CCE4F440004BE13 /* EntranceManageView.h */ = {isa = PBXFileReference; fileEncoding = 4; lastKnownFileType = sourcecode.c.h; path = EntranceManageView.h; sourceTree = "<group>"; };
		696E9DCF1CCE4F440004BE13 /* EntranceManageView.m */ = {isa = PBXFileReference; fileEncoding = 4; lastKnownFileType = sourcecode.c.objc; path = EntranceManageView.m; sourceTree = "<group>"; };
		696E9DD21CCE63FD0004BE13 /* changeUserInfoView.h */ = {isa = PBXFileReference; fileEncoding = 4; lastKnownFileType = sourcecode.c.h; path = changeUserInfoView.h; sourceTree = "<group>"; };
		696E9DD31CCE63FD0004BE13 /* changeUserInfoView.m */ = {isa = PBXFileReference; fileEncoding = 4; lastKnownFileType = sourcecode.c.objc; path = changeUserInfoView.m; sourceTree = "<group>"; };
		696E9DD41CCE63FD0004BE13 /* changeUserInfoView.xib */ = {isa = PBXFileReference; fileEncoding = 4; lastKnownFileType = file.xib; path = changeUserInfoView.xib; sourceTree = "<group>"; };
		696F173A1CC07E1E00BF93BF /* MainTabView.h */ = {isa = PBXFileReference; fileEncoding = 4; lastKnownFileType = sourcecode.c.h; name = MainTabView.h; path = SmartLock/MainTabView.h; sourceTree = "<group>"; };
		696F173B1CC07E1E00BF93BF /* MainTabView.m */ = {isa = PBXFileReference; fileEncoding = 4; lastKnownFileType = sourcecode.c.objc; name = MainTabView.m; path = SmartLock/MainTabView.m; sourceTree = "<group>"; };
		697662A71CC4DFF700FFD793 /* Post.h */ = {isa = PBXFileReference; fileEncoding = 4; lastKnownFileType = sourcecode.c.h; name = Post.h; path = SmartLock/Post.h; sourceTree = "<group>"; };
		697662A81CC4DFF700FFD793 /* Post.m */ = {isa = PBXFileReference; fileEncoding = 4; lastKnownFileType = sourcecode.c.objc; name = Post.m; path = SmartLock/Post.m; sourceTree = "<group>"; };
		697C07571CD234B200C6500E /* libsqlite3.0.tbd */ = {isa = PBXFileReference; lastKnownFileType = "sourcecode.text-based-dylib-definition"; name = libsqlite3.0.tbd; path = usr/lib/libsqlite3.0.tbd; sourceTree = SDKROOT; };
		697C075A1CD24A1C00C6500E /* GetDelegate.h */ = {isa = PBXFileReference; fileEncoding = 4; lastKnownFileType = sourcecode.c.h; path = GetDelegate.h; sourceTree = "<group>"; };
		697C075B1CD24A1C00C6500E /* GetDelegate.m */ = {isa = PBXFileReference; fileEncoding = 4; lastKnownFileType = sourcecode.c.objc; path = GetDelegate.m; sourceTree = "<group>"; };
		697CCE7A1CCA14B300C3846A /* login_logo.png */ = {isa = PBXFileReference; lastKnownFileType = image.png; path = login_logo.png; sourceTree = "<group>"; };
		698177EE1CC87146009C7120 /* ApplyWorkView.h */ = {isa = PBXFileReference; fileEncoding = 4; lastKnownFileType = sourcecode.c.h; name = ApplyWorkView.h; path = SmartLock/ApplyWorkView.h; sourceTree = "<group>"; };
		698177EF1CC87146009C7120 /* ApplyWorkView.m */ = {isa = PBXFileReference; fileEncoding = 4; lastKnownFileType = sourcecode.c.objc; name = ApplyWorkView.m; path = SmartLock/ApplyWorkView.m; sourceTree = "<group>"; };
		698177F11CC8715E009C7120 /* ClassifyWorkView.h */ = {isa = PBXFileReference; fileEncoding = 4; lastKnownFileType = sourcecode.c.h; name = ClassifyWorkView.h; path = SmartLock/ClassifyWorkView.h; sourceTree = "<group>"; };
		698177F21CC8715E009C7120 /* ClassifyWorkView.m */ = {isa = PBXFileReference; fileEncoding = 4; lastKnownFileType = sourcecode.c.objc; name = ClassifyWorkView.m; path = SmartLock/ClassifyWorkView.m; sourceTree = "<group>"; };
		698396E31CCCCB2100377893 /* ApplyWorkView.xib */ = {isa = PBXFileReference; fileEncoding = 4; lastKnownFileType = file.xib; name = ApplyWorkView.xib; path = SmartLock/ApplyWorkView.xib; sourceTree = "<group>"; };
		698569481CC7703700A2E3F8 /* BLECommunication.h */ = {isa = PBXFileReference; fileEncoding = 4; lastKnownFileType = sourcecode.c.h; name = BLECommunication.h; path = SmartLock/BLECommunication.h; sourceTree = "<group>"; };
		698569491CC7703700A2E3F8 /* BLECommunication.m */ = {isa = PBXFileReference; fileEncoding = 4; lastKnownFileType = sourcecode.c.objc; name = BLECommunication.m; path = SmartLock/BLECommunication.m; sourceTree = "<group>"; };
		6986CD821CC91339000550E6 /* WorkDetailView.h */ = {isa = PBXFileReference; fileEncoding = 4; lastKnownFileType = sourcecode.c.h; name = WorkDetailView.h; path = SmartLock/WorkDetailView.h; sourceTree = "<group>"; };
		6986CD831CC91339000550E6 /* WorkDetailView.m */ = {isa = PBXFileReference; fileEncoding = 4; lastKnownFileType = sourcecode.c.objc; name = WorkDetailView.m; path = SmartLock/WorkDetailView.m; sourceTree = "<group>"; };
		6987AFE21CCC729600D08141 /* task.png */ = {isa = PBXFileReference; lastKnownFileType = image.png; name = task.png; path = BarItemPng/task.png; sourceTree = "<group>"; };
		6987AFE31CCC729600D08141 /* discover-search@3x.png */ = {isa = PBXFileReference; lastKnownFileType = image.png; name = "discover-search@3x.png"; path = "BarItemPng/discover-search@3x.png"; sourceTree = "<group>"; };
		6987AFE41CCC729600D08141 /* me-message@3x.png */ = {isa = PBXFileReference; lastKnownFileType = image.png; name = "me-message@3x.png"; path = "BarItemPng/me-message@3x.png"; sourceTree = "<group>"; };
		6987AFE51CCC729600D08141 /* lock.png */ = {isa = PBXFileReference; lastKnownFileType = image.png; name = lock.png; path = BarItemPng/lock.png; sourceTree = "<group>"; };
		6987AFEA1CCC731B00D08141 /* person.png */ = {isa = PBXFileReference; lastKnownFileType = image.png; name = person.png; path = BarItemPng/person.png; sourceTree = "<group>"; };
		6987AFEC1CCC74EF00D08141 /* me-message@2x.png */ = {isa = PBXFileReference; lastKnownFileType = image.png; name = "me-message@2x.png"; path = "BarItemPng/me-message@2x.png"; sourceTree = "<group>"; };
		6987AFED1CCC74EF00D08141 /* Profile@2x.png */ = {isa = PBXFileReference; lastKnownFileType = image.png; name = "Profile@2x.png"; path = "BarItemPng/Profile@2x.png"; sourceTree = "<group>"; };
		6987AFEE1CCC74EF00D08141 /* ProfileLockOn@2x.png */ = {isa = PBXFileReference; lastKnownFileType = image.png; name = "ProfileLockOn@2x.png"; path = "BarItemPng/ProfileLockOn@2x.png"; sourceTree = "<group>"; };
		6987AFEF1CCC74EF00D08141 /* Shake_icon_peopleHL@2x.png */ = {isa = PBXFileReference; lastKnownFileType = image.png; name = "Shake_icon_peopleHL@2x.png"; path = "BarItemPng/Shake_icon_peopleHL@2x.png"; sourceTree = "<group>"; };
		6987AFF01CCC74EF00D08141 /* tabbar_meHL@2x.png */ = {isa = PBXFileReference; lastKnownFileType = image.png; name = "tabbar_meHL@2x.png"; path = "BarItemPng/tabbar_meHL@2x.png"; sourceTree = "<group>"; };
		6987AFF61CCC774500D08141 /* resizeApi.png */ = {isa = PBXFileReference; lastKnownFileType = image.png; name = resizeApi.png; path = BarItemPng/resizeApi.png; sourceTree = "<group>"; };
		6987AFF81CCC777900D08141 /* lock32.png */ = {isa = PBXFileReference; lastKnownFileType = image.png; name = lock32.png; path = BarItemPng/lock32.png; sourceTree = "<group>"; };
		699608591CCA3EC700B5CF3B /* icon_ltg.png */ = {isa = PBXFileReference; lastKnownFileType = image.png; path = icon_ltg.png; sourceTree = "<group>"; };
		69A688E01CBFE5450017ECA7 /* ManageWorkView.h */ = {isa = PBXFileReference; fileEncoding = 4; lastKnownFileType = sourcecode.c.h; name = ManageWorkView.h; path = SmartLock/ManageWorkView.h; sourceTree = "<group>"; };
		69A688E11CBFE5450017ECA7 /* ManageWorkView.m */ = {isa = PBXFileReference; fileEncoding = 4; lastKnownFileType = sourcecode.c.objc; name = ManageWorkView.m; path = SmartLock/ManageWorkView.m; sourceTree = "<group>"; };
		69AB44921CBB37BD006AEDF0 /* Demo */ = {isa = PBXFileReference; explicitFileType = "compiled.mach-o.executable"; includeInIndex = 0; path = Demo; sourceTree = BUILT_PRODUCTS_DIR; };
		69B25B801CCD1B22006AE96B /* ClassifyWorkView.xib */ = {isa = PBXFileReference; fileEncoding = 4; lastKnownFileType = file.xib; path = ClassifyWorkView.xib; sourceTree = "<group>"; };
		69B25B831CCD1C75006AE96B /* BLECommunication.xib */ = {isa = PBXFileReference; fileEncoding = 4; lastKnownFileType = file.xib; path = BLECommunication.xib; sourceTree = "<group>"; };
		69B25B851CCD20DA006AE96B /* WorkDetailView.xib */ = {isa = PBXFileReference; fileEncoding = 4; lastKnownFileType = file.xib; path = WorkDetailView.xib; sourceTree = "<group>"; };
		69B8FD0B1CC7169000A95981 /* KeyManagementView.h */ = {isa = PBXFileReference; fileEncoding = 4; lastKnownFileType = sourcecode.c.h; name = KeyManagementView.h; path = SmartLock/KeyManagementView.h; sourceTree = "<group>"; };
		69B8FD0C1CC7169000A95981 /* KeyManagementView.m */ = {isa = PBXFileReference; fileEncoding = 4; lastKnownFileType = sourcecode.c.objc; name = KeyManagementView.m; path = SmartLock/KeyManagementView.m; sourceTree = "<group>"; };
		69B8FD0F1CC71B2D00A95981 /* Base */ = {isa = PBXFileReference; lastKnownFileType = file.storyboard; name = Base; path = SmartLock/Base.lproj/Main.storyboard; sourceTree = "<group>"; };
		69C85ED51CE5782B0071A45F /* README.md */ = {isa = PBXFileReference; fileEncoding = 4; lastKnownFileType = net.daringfireball.markdown; path = README.md; sourceTree = "<group>"; };
		69E4F0AE1CD09B0C00E5A9C7 /* Default-568h@2x.png */ = {isa = PBXFileReference; lastKnownFileType = image.png; path = "Default-568h@2x.png"; sourceTree = "<group>"; };
		69E817BA1CDDFF8C0075A722 /* APPDoorCommunication.h */ = {isa = PBXFileReference; fileEncoding = 4; lastKnownFileType = sourcecode.c.h; path = APPDoorCommunication.h; sourceTree = "<group>"; };
		69E817BB1CDDFF8C0075A722 /* APPDoorCommunication.m */ = {isa = PBXFileReference; fileEncoding = 4; lastKnownFileType = sourcecode.c.objc; path = APPDoorCommunication.m; sourceTree = "<group>"; };
		69E817BC1CDDFF8C0075A722 /* APPDoorCommunication.xib */ = {isa = PBXFileReference; fileEncoding = 4; lastKnownFileType = file.xib; path = APPDoorCommunication.xib; sourceTree = "<group>"; };
		69E817BF1CDE0CE20075A722 /* CRC16.c */ = {isa = PBXFileReference; fileEncoding = 4; lastKnownFileType = sourcecode.c.c; path = CRC16.c; sourceTree = "<group>"; };
		69E817C21CDE1A020075A722 /* LocalAppHistory.h */ = {isa = PBXFileReference; fileEncoding = 4; lastKnownFileType = sourcecode.c.h; path = LocalAppHistory.h; sourceTree = "<group>"; };
		69E817C31CDE1A020075A722 /* LocalAppHistory.m */ = {isa = PBXFileReference; fileEncoding = 4; lastKnownFileType = sourcecode.c.objc; path = LocalAppHistory.m; sourceTree = "<group>"; };
		69E817C41CDE1A020075A722 /* LocalAppHistory.xib */ = {isa = PBXFileReference; fileEncoding = 4; lastKnownFileType = file.xib; path = LocalAppHistory.xib; sourceTree = "<group>"; };
		69FFBA9C1CE41EAA001A89D1 /* HeiZhimaDebug.h */ = {isa = PBXFileReference; fileEncoding = 4; lastKnownFileType = sourcecode.c.h; path = HeiZhimaDebug.h; sourceTree = "<group>"; };
		69FFBA9D1CE41EAA001A89D1 /* HeiZhimaDebug.m */ = {isa = PBXFileReference; fileEncoding = 4; lastKnownFileType = sourcecode.c.objc; path = HeiZhimaDebug.m; sourceTree = "<group>"; };
		69FFBA9E1CE41EAA001A89D1 /* HeiZhimaDebug.xib */ = {isa = PBXFileReference; fileEncoding = 4; lastKnownFileType = file.xib; path = HeiZhimaDebug.xib; sourceTree = "<group>"; };
		E75B510AEF33EB9BEE478B96 /* libPods.a */ = {isa = PBXFileReference; explicitFileType = archive.ar; includeInIndex = 0; path = libPods.a; sourceTree = BUILT_PRODUCTS_DIR; };
/* End PBXFileReference section */

/* Begin PBXFrameworksBuildPhase section */
		694277ED1CBA404D00F5887E /* Frameworks */ = {
			isa = PBXFrameworksBuildPhase;
			buildActionMask = 2147483647;
			files = (
				697C07581CD234B200C6500E /* libsqlite3.0.tbd in Frameworks */,
				69533ECB1CD20B4B00153441 /* MediaPlayer.framework in Frameworks */,
				69533EC81CD20B2F00153441 /* ImageIO.framework in Frameworks */,
				69533EC91CD20B2F00153441 /* SystemConfiguration.framework in Frameworks */,
				69533EC01CD20B1500153441 /* AudioToolbox.framework in Frameworks */,
				69533EC11CD20B1500153441 /* AVFoundation.framework in Frameworks */,
				69533EC21CD20B1500153441 /* CoreLocation.framework in Frameworks */,
				69533EC31CD20B1500153441 /* CoreMotion.framework in Frameworks */,
				69533EC41CD20B1500153441 /* CoreTelephony.framework in Frameworks */,
				69533EC51CD20B1500153441 /* libstdc++.6.0.9.tbd in Frameworks */,
				69533EB91CD209C300153441 /* libBaiduMobStatForSDK.a in Frameworks */,
				69533EAC1CD2097900153441 /* libbaiduNaviSDK.a in Frameworks */,
				D0619C309523B62948FB9D46 /* libPods.a in Frameworks */,
			);
			runOnlyForDeploymentPostprocessing = 0;
		};
		694278091CBA404D00F5887E /* Frameworks */ = {
			isa = PBXFrameworksBuildPhase;
			buildActionMask = 2147483647;
			files = (
			);
			runOnlyForDeploymentPostprocessing = 0;
		};
		694278141CBA404D00F5887E /* Frameworks */ = {
			isa = PBXFrameworksBuildPhase;
			buildActionMask = 2147483647;
			files = (
			);
			runOnlyForDeploymentPostprocessing = 0;
		};
		69AB448F1CBB37BD006AEDF0 /* Frameworks */ = {
			isa = PBXFrameworksBuildPhase;
			buildActionMask = 2147483647;
			files = (
			);
			runOnlyForDeploymentPostprocessing = 0;
		};
/* End PBXFrameworksBuildPhase section */

/* Begin PBXGroup section */
		5DF56ED9F9AE5B9E007D883D /* Frameworks */ = {
			isa = PBXGroup;
			children = (
				697C07571CD234B200C6500E /* libsqlite3.0.tbd */,
				69533ECA1CD20B4B00153441 /* MediaPlayer.framework */,
				69533EC61CD20B2F00153441 /* ImageIO.framework */,
				69533EC71CD20B2F00153441 /* SystemConfiguration.framework */,
				69533EBA1CD20B1500153441 /* AudioToolbox.framework */,
				69533EBB1CD20B1500153441 /* AVFoundation.framework */,
				69533EBC1CD20B1500153441 /* CoreLocation.framework */,
				69533EBD1CD20B1500153441 /* CoreMotion.framework */,
				69533EBE1CD20B1500153441 /* CoreTelephony.framework */,
				69533EBF1CD20B1500153441 /* libstdc++.6.0.9.tbd */,
				E75B510AEF33EB9BEE478B96 /* libPods.a */,
			);
			name = Frameworks;
			sourceTree = "<group>";
		};
		694277E71CBA404D00F5887E = {
			isa = PBXGroup;
			children = (
				69C85ED51CE5782B0071A45F /* README.md */,
				699E282F1CE49DA40062F105 /* AES */,
				69FFBA941CE413EE001A89D1 /* HeiZhima */,
				69E817C11CDE19880075A722 /* LocalAPPHistoty */,
				69E817B91CDDFB860075A722 /* APPDoorCommunication */,
				697C07591CD249E700C6500E /* GetDelegate */,
				69533EA41CD2095600153441 /* BaiduNaviSDK */,
				696E8E8A1CD059CE0034CCBC /* BaiduDituNaviView */,
				696E9DCD1CCE4F160004BE13 /* EntranceManagement */,
				6987AFE11CCC728300D08141 /* BarItemPng */,
				6986CD811CC91313000550E6 /* WorkDetail */,
				698177ED1CC86BD6009C7120 /* ApplyWork */,
				698177EC1CC86BC2009C7120 /* ClassifyWork */,
				698569471CC7701200A2E3F8 /* KeyManageCommunication */,
				69B8FD0A1CC7160600A95981 /* KeySearchView */,
				697662A61CC4DFCD00FFD793 /* PostDelegate */,
				694277F21CBA404D00F5887E /* LoginView */,
				696F17391CC07DCD00BF93BF /* MainTabView */,
				69589D751CBFC93F00928F23 /* UserInfoView */,
				69589D761CBFC9CE00928F23 /* ManageWorkView */,
				694277F31CBA404D00F5887E /* Main */,
				69589D781CBFCC5600928F23 /* Storyboard */,
				69589D771CBFCC3E00928F23 /* AppDelegate */,
				9D2A076BF3B4A594DCB45E84 /* Pods */,
				694277F11CBA404D00F5887E /* Products */,
				5DF56ED9F9AE5B9E007D883D /* Frameworks */,
			);
			sourceTree = "<group>";
		};
		694277F11CBA404D00F5887E /* Products */ = {
			isa = PBXGroup;
			children = (
				694277F01CBA404D00F5887E /* SmartLock.app */,
				6942780C1CBA404D00F5887E /* SmartLockTests.xctest */,
				694278171CBA404D00F5887E /* SmartLockUITests.xctest */,
				69AB44921CBB37BD006AEDF0 /* Demo */,
			);
			name = Products;
			sourceTree = "<group>";
		};
		694277F21CBA404D00F5887E /* LoginView */ = {
			isa = PBXGroup;
			children = (
				694277F91CBA404D00F5887E /* ViewController.h */,
				694277FA1CBA404D00F5887E /* ViewController.m */,
			);
			name = LoginView;
			path = SmartLock;
			sourceTree = "<group>";
		};
		694277F31CBA404D00F5887E /* Main */ = {
			isa = PBXGroup;
			children = (
				694277F41CBA404D00F5887E /* main.m */,
			);
			name = Main;
			path = SmartLock;
			sourceTree = "<group>";
		};
		69533EA41CD2095600153441 /* BaiduNaviSDK */ = {
			isa = PBXGroup;
			children = (
				69533EB61CD209C300153441 /* BaiduMobStat.h */,
				69533EB71CD209C300153441 /* BaiduMobStatForSDK.h */,
				69533EB81CD209C300153441 /* libBaiduMobStatForSDK.a */,
				69533EAD1CD209A200153441 /* BNCommonDef.h */,
				69533EAE1CD209A200153441 /* BNCoreServices.h */,
				69533EAF1CD209A200153441 /* BNLocation.h */,
				69533EB01CD209A200153441 /* BNLocationManagerProtocol.h */,
				69533EB11CD209A200153441 /* BNRoutePlanManagerProtocol.h */,
				69533EB21CD209A200153441 /* BNRoutePlanModel.h */,
				69533EB31CD209A200153441 /* BNSoundEventProtocol.h */,
				69533EB41CD209A200153441 /* BNStrategyManagerProtocol.h */,
				69533EB51CD209A200153441 /* BNUIManagerProtocol.h */,
				69533EA51CD2097900153441 /* baiduNaviSDK.bundle */,
				69533EA81CD2097900153441 /* libbaiduNaviSDK.a */,
			);
			name = BaiduNaviSDK;
			sourceTree = "<group>";
		};
		69589D751CBFC93F00928F23 /* UserInfoView */ = {
			isa = PBXGroup;
			children = (
				696E9DD11CCE63D50004BE13 /* changeUserInfo */,
				6904EEAA1CBA943200D30FF0 /* UserInfoView.m */,
				6904EEA91CBA943200D30FF0 /* UserInfoView.h */,
			);
			name = UserInfoView;
			sourceTree = "<group>";
		};
		69589D761CBFC9CE00928F23 /* ManageWorkView */ = {
			isa = PBXGroup;
			children = (
				69A688E01CBFE5450017ECA7 /* ManageWorkView.h */,
				69A688E11CBFE5450017ECA7 /* ManageWorkView.m */,
			);
			name = ManageWorkView;
			sourceTree = "<group>";
		};
		69589D771CBFCC3E00928F23 /* AppDelegate */ = {
			isa = PBXGroup;
			children = (
				694277F71CBA404D00F5887E /* AppDelegate.m */,
				694277F61CBA404D00F5887E /* AppDelegate.h */,
			);
			name = AppDelegate;
			sourceTree = "<group>";
		};
		69589D781CBFCC5600928F23 /* Storyboard */ = {
			isa = PBXGroup;
			children = (
				69E4F0AE1CD09B0C00E5A9C7 /* Default-568h@2x.png */,
				693CB4871CCF63B300E0269A /* icon.png */,
				699608591CCA3EC700B5CF3B /* icon_ltg.png */,
				697CCE7A1CCA14B300C3846A /* login_logo.png */,
				69B8FD0E1CC71B2D00A95981 /* Main.storyboard */,
				694278041CBA404D00F5887E /* LaunchScreen.storyboard */,
				694277FF1CBA404D00F5887E /* SmartLock.xcdatamodeld */,
				694278071CBA404D00F5887E /* Info.plist */,
				694278021CBA404D00F5887E /* Assets.xcassets */,
			);
			name = Storyboard;
			sourceTree = "<group>";
		};
		696E8E8A1CD059CE0034CCBC /* BaiduDituNaviView */ = {
			isa = PBXGroup;
			children = (
				696E8E8D1CD05C520034CCBC /* BaiduDituNaviView.h */,
				696E8E8E1CD05C520034CCBC /* BaiduDituNaviView.m */,
				696E8E8F1CD05C520034CCBC /* BaiduDituNaviView.xib */,
			);
			name = BaiduDituNaviView;
			sourceTree = "<group>";
		};
		696E9DCD1CCE4F160004BE13 /* EntranceManagement */ = {
			isa = PBXGroup;
			children = (
				696E9DCE1CCE4F440004BE13 /* EntranceManageView.h */,
				696E9DCF1CCE4F440004BE13 /* EntranceManageView.m */,
			);
			name = EntranceManagement;
			sourceTree = "<group>";
		};
		696E9DD11CCE63D50004BE13 /* changeUserInfo */ = {
			isa = PBXGroup;
			children = (
				696E9DD21CCE63FD0004BE13 /* changeUserInfoView.h */,
				696E9DD31CCE63FD0004BE13 /* changeUserInfoView.m */,
				696E9DD41CCE63FD0004BE13 /* changeUserInfoView.xib */,
			);
			name = changeUserInfo;
			sourceTree = "<group>";
		};
		696F17391CC07DCD00BF93BF /* MainTabView */ = {
			isa = PBXGroup;
			children = (
				696F173A1CC07E1E00BF93BF /* MainTabView.h */,
				696F173B1CC07E1E00BF93BF /* MainTabView.m */,
			);
			name = MainTabView;
			sourceTree = "<group>";
		};
		697662A61CC4DFCD00FFD793 /* PostDelegate */ = {
			isa = PBXGroup;
			children = (
				697662A71CC4DFF700FFD793 /* Post.h */,
				697662A81CC4DFF700FFD793 /* Post.m */,
			);
			name = PostDelegate;
			sourceTree = "<group>";
		};
		697C07591CD249E700C6500E /* GetDelegate */ = {
			isa = PBXGroup;
			children = (
				697C075A1CD24A1C00C6500E /* GetDelegate.h */,
				697C075B1CD24A1C00C6500E /* GetDelegate.m */,
			);
			name = GetDelegate;
			sourceTree = "<group>";
		};
		698177EC1CC86BC2009C7120 /* ClassifyWork */ = {
			isa = PBXGroup;
			children = (
				698177F11CC8715E009C7120 /* ClassifyWorkView.h */,
				698177F21CC8715E009C7120 /* ClassifyWorkView.m */,
				69B25B801CCD1B22006AE96B /* ClassifyWorkView.xib */,
			);
			name = ClassifyWork;
			sourceTree = "<group>";
		};
		698177ED1CC86BD6009C7120 /* ApplyWork */ = {
			isa = PBXGroup;
			children = (
				698396E31CCCCB2100377893 /* ApplyWorkView.xib */,
				698177EE1CC87146009C7120 /* ApplyWorkView.h */,
				698177EF1CC87146009C7120 /* ApplyWorkView.m */,
			);
			name = ApplyWork;
			sourceTree = "<group>";
		};
		698569471CC7701200A2E3F8 /* KeyManageCommunication */ = {
			isa = PBXGroup;
			children = (
				690358291CD993BE003FF907 /* CRC16.h */,
				69E817BF1CDE0CE20075A722 /* CRC16.c */,
				698569481CC7703700A2E3F8 /* BLECommunication.h */,
				698569491CC7703700A2E3F8 /* BLECommunication.m */,
				69B25B831CCD1C75006AE96B /* BLECommunication.xib */,
			);
			name = KeyManageCommunication;
			sourceTree = "<group>";
		};
		6986CD811CC91313000550E6 /* WorkDetail */ = {
			isa = PBXGroup;
			children = (
				6986CD821CC91339000550E6 /* WorkDetailView.h */,
				6986CD831CC91339000550E6 /* WorkDetailView.m */,
				69B25B851CCD20DA006AE96B /* WorkDetailView.xib */,
			);
			name = WorkDetail;
			sourceTree = "<group>";
		};
		6987AFE11CCC728300D08141 /* BarItemPng */ = {
			isa = PBXGroup;
			children = (
				693CB4851CCF631B00E0269A /* lockstart.png */,
				6987AFF81CCC777900D08141 /* lock32.png */,
				6987AFF61CCC774500D08141 /* resizeApi.png */,
				6987AFEC1CCC74EF00D08141 /* me-message@2x.png */,
				6987AFED1CCC74EF00D08141 /* Profile@2x.png */,
				6987AFEE1CCC74EF00D08141 /* ProfileLockOn@2x.png */,
				6987AFEF1CCC74EF00D08141 /* Shake_icon_peopleHL@2x.png */,
				6987AFF01CCC74EF00D08141 /* tabbar_meHL@2x.png */,
				6987AFEA1CCC731B00D08141 /* person.png */,
				6987AFE21CCC729600D08141 /* task.png */,
				6987AFE31CCC729600D08141 /* discover-search@3x.png */,
				6987AFE41CCC729600D08141 /* me-message@3x.png */,
				6987AFE51CCC729600D08141 /* lock.png */,
			);
			name = BarItemPng;
			sourceTree = "<group>";
		};
		699E282F1CE49DA40062F105 /* AES */ = {
			isa = PBXGroup;
			children = (
				69649BC31CE4A13200624930 /* AES128.h */,
				69649BC41CE4A14700624930 /* AES128.c */,
			);
			name = AES;
			sourceTree = "<group>";
		};
		69B8FD0A1CC7160600A95981 /* KeySearchView */ = {
			isa = PBXGroup;
			children = (
				69B8FD0B1CC7169000A95981 /* KeyManagementView.h */,
				69B8FD0C1CC7169000A95981 /* KeyManagementView.m */,
				696E9DCB1CCE495C0004BE13 /* KeyManagementView.xib */,
			);
			name = KeySearchView;
			sourceTree = "<group>";
		};
		69E817B91CDDFB860075A722 /* APPDoorCommunication */ = {
			isa = PBXGroup;
			children = (
				69E817BA1CDDFF8C0075A722 /* APPDoorCommunication.h */,
				69E817BB1CDDFF8C0075A722 /* APPDoorCommunication.m */,
				69E817BC1CDDFF8C0075A722 /* APPDoorCommunication.xib */,
			);
			name = APPDoorCommunication;
			sourceTree = "<group>";
		};
		69E817C11CDE19880075A722 /* LocalAPPHistoty */ = {
			isa = PBXGroup;
			children = (
				69E817C21CDE1A020075A722 /* LocalAppHistory.h */,
				69E817C31CDE1A020075A722 /* LocalAppHistory.m */,
				69E817C41CDE1A020075A722 /* LocalAppHistory.xib */,
			);
			name = LocalAPPHistoty;
			sourceTree = "<group>";
		};
		69FFBA941CE413EE001A89D1 /* HeiZhima */ = {
			isa = PBXGroup;
			children = (
				69FFBA9C1CE41EAA001A89D1 /* HeiZhimaDebug.h */,
				69FFBA9D1CE41EAA001A89D1 /* HeiZhimaDebug.m */,
				69FFBA9E1CE41EAA001A89D1 /* HeiZhimaDebug.xib */,
			);
			name = HeiZhima;
			sourceTree = "<group>";
		};
		9D2A076BF3B4A594DCB45E84 /* Pods */ = {
			isa = PBXGroup;
			children = (
				31D161764E5B0EFE2DE51934 /* Pods.debug.xcconfig */,
				2C8AABB6A010CD16C003EDFB /* Pods.release.xcconfig */,
			);
			name = Pods;
			sourceTree = "<group>";
		};
/* End PBXGroup section */

/* Begin PBXNativeTarget section */
		694277EF1CBA404D00F5887E /* SmartLock */ = {
			isa = PBXNativeTarget;
			buildConfigurationList = 694278201CBA404D00F5887E /* Build configuration list for PBXNativeTarget "SmartLock" */;
			buildPhases = (
				627EB8F6EE81C04BCDBE3B8E /* Check Pods Manifest.lock */,
				694277EC1CBA404D00F5887E /* Sources */,
				694277ED1CBA404D00F5887E /* Frameworks */,
				694277EE1CBA404D00F5887E /* Resources */,
				E226307DE9FD9436A391028A /* Embed Pods Frameworks */,
				1F0C248E0065E403EC0C7284 /* Copy Pods Resources */,
			);
			buildRules = (
			);
			dependencies = (
			);
			name = SmartLock;
			productName = SmartLock;
			productReference = 694277F01CBA404D00F5887E /* SmartLock.app */;
			productType = "com.apple.product-type.application";
		};
		6942780B1CBA404D00F5887E /* SmartLockTests */ = {
			isa = PBXNativeTarget;
			buildConfigurationList = 694278231CBA404D00F5887E /* Build configuration list for PBXNativeTarget "SmartLockTests" */;
			buildPhases = (
				694278081CBA404D00F5887E /* Sources */,
				694278091CBA404D00F5887E /* Frameworks */,
				6942780A1CBA404D00F5887E /* Resources */,
			);
			buildRules = (
			);
			dependencies = (
				6942780E1CBA404D00F5887E /* PBXTargetDependency */,
			);
			name = SmartLockTests;
			productName = SmartLockTests;
			productReference = 6942780C1CBA404D00F5887E /* SmartLockTests.xctest */;
			productType = "com.apple.product-type.bundle.unit-test";
		};
		694278161CBA404D00F5887E /* SmartLockUITests */ = {
			isa = PBXNativeTarget;
			buildConfigurationList = 694278261CBA404D00F5887E /* Build configuration list for PBXNativeTarget "SmartLockUITests" */;
			buildPhases = (
				694278131CBA404D00F5887E /* Sources */,
				694278141CBA404D00F5887E /* Frameworks */,
				694278151CBA404D00F5887E /* Resources */,
			);
			buildRules = (
			);
			dependencies = (
				694278191CBA404D00F5887E /* PBXTargetDependency */,
			);
			name = SmartLockUITests;
			productName = SmartLockUITests;
			productReference = 694278171CBA404D00F5887E /* SmartLockUITests.xctest */;
			productType = "com.apple.product-type.bundle.ui-testing";
		};
		69AB44911CBB37BD006AEDF0 /* Demo */ = {
			isa = PBXNativeTarget;
			buildConfigurationList = 69AB44981CBB37BD006AEDF0 /* Build configuration list for PBXNativeTarget "Demo" */;
			buildPhases = (
				69AB448E1CBB37BD006AEDF0 /* Sources */,
				69AB448F1CBB37BD006AEDF0 /* Frameworks */,
				69AB44901CBB37BD006AEDF0 /* CopyFiles */,
			);
			buildRules = (
			);
			dependencies = (
			);
			name = Demo;
			productName = Demo;
			productReference = 69AB44921CBB37BD006AEDF0 /* Demo */;
			productType = "com.apple.product-type.tool";
		};
/* End PBXNativeTarget section */

/* Begin PBXProject section */
		694277E81CBA404D00F5887E /* Project object */ = {
			isa = PBXProject;
			attributes = {
				LastUpgradeCheck = 0730;
				ORGANIZATIONNAME = csis;
				TargetAttributes = {
					694277EF1CBA404D00F5887E = {
						CreatedOnToolsVersion = 7.3;
						DevelopmentTeam = W6E3UN5A3C;
					};
					6942780B1CBA404D00F5887E = {
						CreatedOnToolsVersion = 7.3;
						DevelopmentTeam = W6E3UN5A3C;
						TestTargetID = 694277EF1CBA404D00F5887E;
					};
					694278161CBA404D00F5887E = {
						CreatedOnToolsVersion = 7.3;
						DevelopmentTeam = W6E3UN5A3C;
						TestTargetID = 694277EF1CBA404D00F5887E;
					};
					69AB44911CBB37BD006AEDF0 = {
						CreatedOnToolsVersion = 7.3;
					};
				};
			};
			buildConfigurationList = 694277EB1CBA404D00F5887E /* Build configuration list for PBXProject "SmartLock" */;
			compatibilityVersion = "Xcode 3.2";
			developmentRegion = English;
			hasScannedForEncodings = 0;
			knownRegions = (
				en,
				Base,
			);
			mainGroup = 694277E71CBA404D00F5887E;
			productRefGroup = 694277F11CBA404D00F5887E /* Products */;
			projectDirPath = "";
			projectRoot = "";
			targets = (
				694277EF1CBA404D00F5887E /* SmartLock */,
				6942780B1CBA404D00F5887E /* SmartLockTests */,
				694278161CBA404D00F5887E /* SmartLockUITests */,
				69AB44911CBB37BD006AEDF0 /* Demo */,
			);
		};
/* End PBXProject section */

/* Begin PBXResourcesBuildPhase section */
		694277EE1CBA404D00F5887E /* Resources */ = {
			isa = PBXResourcesBuildPhase;
			buildActionMask = 2147483647;
			files = (
				6987AFF31CCC74EF00D08141 /* ProfileLockOn@2x.png in Resources */,
				6987AFF21CCC74EF00D08141 /* Profile@2x.png in Resources */,
				69B8FD101CC71B2D00A95981 /* Main.storyboard in Resources */,
				696E9DD61CCE63FD0004BE13 /* changeUserInfoView.xib in Resources */,
				693CB4881CCF63B300E0269A /* icon.png in Resources */,
				698396E51CCCCB2100377893 /* ApplyWorkView.xib in Resources */,
				6987AFE71CCC729700D08141 /* discover-search@3x.png in Resources */,
				69FFBAA01CE41EAA001A89D1 /* HeiZhimaDebug.xib in Resources */,
				6987AFF91CCC777900D08141 /* lock32.png in Resources */,
				693CB4861CCF631B00E0269A /* lockstart.png in Resources */,
				6987AFE91CCC729700D08141 /* lock.png in Resources */,
				6996085A1CCA3EC700B5CF3B /* icon_ltg.png in Resources */,
				69E4F0AF1CD09B0C00E5A9C7 /* Default-568h@2x.png in Resources */,
				69E817BE1CDDFF8C0075A722 /* APPDoorCommunication.xib in Resources */,
				6987AFEB1CCC731B00D08141 /* person.png in Resources */,
				6987AFE81CCC729700D08141 /* me-message@3x.png in Resources */,
				6987AFE61CCC729700D08141 /* task.png in Resources */,
				694278061CBA404D00F5887E /* LaunchScreen.storyboard in Resources */,
				69533EA91CD2097900153441 /* baiduNaviSDK.bundle in Resources */,
				69B25B861CCD20DA006AE96B /* WorkDetailView.xib in Resources */,
				6987AFF51CCC74EF00D08141 /* tabbar_meHL@2x.png in Resources */,
				69B25B841CCD1C75006AE96B /* BLECommunication.xib in Resources */,
				6987AFF11CCC74EF00D08141 /* me-message@2x.png in Resources */,
				6987AFF71CCC774500D08141 /* resizeApi.png in Resources */,
				697CCE7B1CCA14B300C3846A /* login_logo.png in Resources */,
				69E817C61CDE1A020075A722 /* LocalAppHistory.xib in Resources */,
				696E9DCC1CCE495C0004BE13 /* KeyManagementView.xib in Resources */,
				69B25B821CCD1B22006AE96B /* ClassifyWorkView.xib in Resources */,
				694278031CBA404D00F5887E /* Assets.xcassets in Resources */,
				6987AFF41CCC74EF00D08141 /* Shake_icon_peopleHL@2x.png in Resources */,
				696E8E911CD05C520034CCBC /* BaiduDituNaviView.xib in Resources */,
			);
			runOnlyForDeploymentPostprocessing = 0;
		};
		6942780A1CBA404D00F5887E /* Resources */ = {
			isa = PBXResourcesBuildPhase;
			buildActionMask = 2147483647;
			files = (
			);
			runOnlyForDeploymentPostprocessing = 0;
		};
		694278151CBA404D00F5887E /* Resources */ = {
			isa = PBXResourcesBuildPhase;
			buildActionMask = 2147483647;
			files = (
			);
			runOnlyForDeploymentPostprocessing = 0;
		};
/* End PBXResourcesBuildPhase section */

/* Begin PBXShellScriptBuildPhase section */
		1F0C248E0065E403EC0C7284 /* Copy Pods Resources */ = {
			isa = PBXShellScriptBuildPhase;
			buildActionMask = 2147483647;
			files = (
			);
			inputPaths = (
			);
			name = "Copy Pods Resources";
			outputPaths = (
			);
			runOnlyForDeploymentPostprocessing = 0;
			shellPath = /bin/sh;
			shellScript = "\"${SRCROOT}/Pods/Target Support Files/Pods/Pods-resources.sh\"\n";
			showEnvVarsInLog = 0;
		};
		627EB8F6EE81C04BCDBE3B8E /* Check Pods Manifest.lock */ = {
			isa = PBXShellScriptBuildPhase;
			buildActionMask = 2147483647;
			files = (
			);
			inputPaths = (
			);
			name = "Check Pods Manifest.lock";
			outputPaths = (
			);
			runOnlyForDeploymentPostprocessing = 0;
			shellPath = /bin/sh;
			shellScript = "diff \"${PODS_ROOT}/../Podfile.lock\" \"${PODS_ROOT}/Manifest.lock\" > /dev/null\nif [[ $? != 0 ]] ; then\n    cat << EOM\nerror: The sandbox is not in sync with the Podfile.lock. Run 'pod install' or update your CocoaPods installation.\nEOM\n    exit 1\nfi\n";
			showEnvVarsInLog = 0;
		};
		E226307DE9FD9436A391028A /* Embed Pods Frameworks */ = {
			isa = PBXShellScriptBuildPhase;
			buildActionMask = 2147483647;
			files = (
			);
			inputPaths = (
			);
			name = "Embed Pods Frameworks";
			outputPaths = (
			);
			runOnlyForDeploymentPostprocessing = 0;
			shellPath = /bin/sh;
			shellScript = "\"${SRCROOT}/Pods/Target Support Files/Pods/Pods-frameworks.sh\"\n";
			showEnvVarsInLog = 0;
		};
/* End PBXShellScriptBuildPhase section */

/* Begin PBXSourcesBuildPhase section */
		694277EC1CBA404D00F5887E /* Sources */ = {
			isa = PBXSourcesBuildPhase;
			buildActionMask = 2147483647;
			files = (
				694277FB1CBA404D00F5887E /* ViewController.m in Sources */,
				69649BC51CE4A14700624930 /* AES128.c in Sources */,
				696E8E901CD05C520034CCBC /* BaiduDituNaviView.m in Sources */,
				69E817C01CDE0CE20075A722 /* CRC16.c in Sources */,
				698177F31CC8715E009C7120 /* ClassifyWorkView.m in Sources */,
				69B8FD0D1CC7169000A95981 /* KeyManagementView.m in Sources */,
				696F173C1CC07E1E00BF93BF /* MainTabView.m in Sources */,
				69E817C51CDE1A020075A722 /* LocalAppHistory.m in Sources */,
				69A688E31CBFE5450017ECA7 /* ManageWorkView.m in Sources */,
				6985694A1CC7703700A2E3F8 /* BLECommunication.m in Sources */,
				696E9DD51CCE63FD0004BE13 /* changeUserInfoView.m in Sources */,
				697C075C1CD24A1C00C6500E /* GetDelegate.m in Sources */,
				696E9DD01CCE4F440004BE13 /* EntranceManageView.m in Sources */,
				698177F01CC87146009C7120 /* ApplyWorkView.m in Sources */,
				694277F81CBA404D00F5887E /* AppDelegate.m in Sources */,
				69E817BD1CDDFF8C0075A722 /* APPDoorCommunication.m in Sources */,
				697662A91CC4DFF700FFD793 /* Post.m in Sources */,
				6986CD841CC91339000550E6 /* WorkDetailView.m in Sources */,
				6904EEAB1CBA943200D30FF0 /* UserInfoView.m in Sources */,
				694278011CBA404D00F5887E /* SmartLock.xcdatamodeld in Sources */,
				69FFBA9F1CE41EAA001A89D1 /* HeiZhimaDebug.m in Sources */,
				694277F51CBA404D00F5887E /* main.m in Sources */,
			);
			runOnlyForDeploymentPostprocessing = 0;
		};
		694278081CBA404D00F5887E /* Sources */ = {
			isa = PBXSourcesBuildPhase;
			buildActionMask = 2147483647;
			files = (
			);
			runOnlyForDeploymentPostprocessing = 0;
		};
		694278131CBA404D00F5887E /* Sources */ = {
			isa = PBXSourcesBuildPhase;
			buildActionMask = 2147483647;
			files = (
			);
			runOnlyForDeploymentPostprocessing = 0;
		};
		69AB448E1CBB37BD006AEDF0 /* Sources */ = {
			isa = PBXSourcesBuildPhase;
			buildActionMask = 2147483647;
			files = (
			);
			runOnlyForDeploymentPostprocessing = 0;
		};
/* End PBXSourcesBuildPhase section */

/* Begin PBXTargetDependency section */
		6942780E1CBA404D00F5887E /* PBXTargetDependency */ = {
			isa = PBXTargetDependency;
			target = 694277EF1CBA404D00F5887E /* SmartLock */;
			targetProxy = 6942780D1CBA404D00F5887E /* PBXContainerItemProxy */;
		};
		694278191CBA404D00F5887E /* PBXTargetDependency */ = {
			isa = PBXTargetDependency;
			target = 694277EF1CBA404D00F5887E /* SmartLock */;
			targetProxy = 694278181CBA404D00F5887E /* PBXContainerItemProxy */;
		};
/* End PBXTargetDependency section */

/* Begin PBXVariantGroup section */
		694278041CBA404D00F5887E /* LaunchScreen.storyboard */ = {
			isa = PBXVariantGroup;
			children = (
				694278051CBA404D00F5887E /* Base */,
			);
			name = LaunchScreen.storyboard;
			path = SmartLock;
			sourceTree = "<group>";
		};
		69B8FD0E1CC71B2D00A95981 /* Main.storyboard */ = {
			isa = PBXVariantGroup;
			children = (
				69B8FD0F1CC71B2D00A95981 /* Base */,
			);
			name = Main.storyboard;
			sourceTree = "<group>";
		};
/* End PBXVariantGroup section */

/* Begin XCBuildConfiguration section */
		6942781E1CBA404D00F5887E /* Debug */ = {
			isa = XCBuildConfiguration;
			buildSettings = {
				ALWAYS_SEARCH_USER_PATHS = NO;
				CLANG_ANALYZER_NONNULL = YES;
				CLANG_CXX_LANGUAGE_STANDARD = "gnu++0x";
				CLANG_CXX_LIBRARY = "libc++";
				CLANG_ENABLE_MODULES = YES;
				CLANG_ENABLE_OBJC_ARC = YES;
				CLANG_WARN_BOOL_CONVERSION = YES;
				CLANG_WARN_CONSTANT_CONVERSION = YES;
				CLANG_WARN_DIRECT_OBJC_ISA_USAGE = YES_ERROR;
				CLANG_WARN_EMPTY_BODY = YES;
				CLANG_WARN_ENUM_CONVERSION = YES;
				CLANG_WARN_INT_CONVERSION = YES;
				CLANG_WARN_OBJC_ROOT_CLASS = YES_ERROR;
				CLANG_WARN_UNREACHABLE_CODE = YES;
				CLANG_WARN__DUPLICATE_METHOD_MATCH = YES;
				"CODE_SIGN_IDENTITY[sdk=iphoneos*]" = "iPhone Developer";
				COPY_PHASE_STRIP = NO;
				DEBUG_INFORMATION_FORMAT = dwarf;
				ENABLE_STRICT_OBJC_MSGSEND = YES;
				ENABLE_TESTABILITY = YES;
				GCC_C_LANGUAGE_STANDARD = gnu99;
				GCC_DYNAMIC_NO_PIC = NO;
				GCC_NO_COMMON_BLOCKS = YES;
				GCC_OPTIMIZATION_LEVEL = 0;
				GCC_PREPROCESSOR_DEFINITIONS = (
					"DEBUG=1",
					"$(inherited)",
				);
				GCC_WARN_64_TO_32_BIT_CONVERSION = YES;
				GCC_WARN_ABOUT_RETURN_TYPE = YES_ERROR;
				GCC_WARN_UNDECLARED_SELECTOR = YES;
				GCC_WARN_UNINITIALIZED_AUTOS = YES_AGGRESSIVE;
				GCC_WARN_UNUSED_FUNCTION = YES;
				GCC_WARN_UNUSED_VARIABLE = YES;
				IPHONEOS_DEPLOYMENT_TARGET = 9.3;
				MTL_ENABLE_DEBUG_INFO = YES;
				ONLY_ACTIVE_ARCH = YES;
				SDKROOT = iphoneos;
			};
			name = Debug;
		};
		6942781F1CBA404D00F5887E /* Release */ = {
			isa = XCBuildConfiguration;
			buildSettings = {
				ALWAYS_SEARCH_USER_PATHS = NO;
				CLANG_ANALYZER_NONNULL = YES;
				CLANG_CXX_LANGUAGE_STANDARD = "gnu++0x";
				CLANG_CXX_LIBRARY = "libc++";
				CLANG_ENABLE_MODULES = YES;
				CLANG_ENABLE_OBJC_ARC = YES;
				CLANG_WARN_BOOL_CONVERSION = YES;
				CLANG_WARN_CONSTANT_CONVERSION = YES;
				CLANG_WARN_DIRECT_OBJC_ISA_USAGE = YES_ERROR;
				CLANG_WARN_EMPTY_BODY = YES;
				CLANG_WARN_ENUM_CONVERSION = YES;
				CLANG_WARN_INT_CONVERSION = YES;
				CLANG_WARN_OBJC_ROOT_CLASS = YES_ERROR;
				CLANG_WARN_UNREACHABLE_CODE = YES;
				CLANG_WARN__DUPLICATE_METHOD_MATCH = YES;
				"CODE_SIGN_IDENTITY[sdk=iphoneos*]" = "iPhone Developer";
				COPY_PHASE_STRIP = NO;
				DEBUG_INFORMATION_FORMAT = "dwarf-with-dsym";
				ENABLE_NS_ASSERTIONS = NO;
				ENABLE_STRICT_OBJC_MSGSEND = YES;
				GCC_C_LANGUAGE_STANDARD = gnu99;
				GCC_NO_COMMON_BLOCKS = YES;
				GCC_WARN_64_TO_32_BIT_CONVERSION = YES;
				GCC_WARN_ABOUT_RETURN_TYPE = YES_ERROR;
				GCC_WARN_UNDECLARED_SELECTOR = YES;
				GCC_WARN_UNINITIALIZED_AUTOS = YES_AGGRESSIVE;
				GCC_WARN_UNUSED_FUNCTION = YES;
				GCC_WARN_UNUSED_VARIABLE = YES;
				IPHONEOS_DEPLOYMENT_TARGET = 9.3;
				MTL_ENABLE_DEBUG_INFO = NO;
				SDKROOT = iphoneos;
				VALIDATE_PRODUCT = YES;
			};
			name = Release;
		};
		694278211CBA404D00F5887E /* Debug */ = {
			isa = XCBuildConfiguration;
			baseConfigurationReference = 31D161764E5B0EFE2DE51934 /* Pods.debug.xcconfig */;
			buildSettings = {
				ASSETCATALOG_COMPILER_APPICON_NAME = AppIcon;
				CODE_SIGN_IDENTITY = "iPhone Developer";
				ENABLE_BITCODE = NO;
				INFOPLIST_FILE = SmartLock/Info.plist;
				LD_RUNPATH_SEARCH_PATHS = "$(inherited) @executable_path/Frameworks";
				LIBRARY_SEARCH_PATHS = (
					"$(inherited)",
					"$(PROJECT_DIR)/BaiduNaviSDK",
					"$(PROJECT_DIR)/BaiduNaviSDK/BaiduStatistics",
				);
				PRODUCT_BUNDLE_IDENTIFIER = uestc.SmartLock;
				PRODUCT_NAME = "$(TARGET_NAME)";
			};
			name = Debug;
		};
		694278221CBA404D00F5887E /* Release */ = {
			isa = XCBuildConfiguration;
			baseConfigurationReference = 2C8AABB6A010CD16C003EDFB /* Pods.release.xcconfig */;
			buildSettings = {
				ASSETCATALOG_COMPILER_APPICON_NAME = AppIcon;
				CODE_SIGN_IDENTITY = "iPhone Developer";
				ENABLE_BITCODE = NO;
				INFOPLIST_FILE = SmartLock/Info.plist;
				LD_RUNPATH_SEARCH_PATHS = "$(inherited) @executable_path/Frameworks";
				LIBRARY_SEARCH_PATHS = (
					"$(inherited)",
					"$(PROJECT_DIR)/BaiduNaviSDK",
					"$(PROJECT_DIR)/BaiduNaviSDK/BaiduStatistics",
				);
				PRODUCT_BUNDLE_IDENTIFIER = uestc.SmartLock;
				PRODUCT_NAME = "$(TARGET_NAME)";
			};
			name = Release;
		};
		694278241CBA404D00F5887E /* Debug */ = {
			isa = XCBuildConfiguration;
			buildSettings = {
				BUNDLE_LOADER = "$(TEST_HOST)";
				INFOPLIST_FILE = SmartLockTests/Info.plist;
				LD_RUNPATH_SEARCH_PATHS = "$(inherited) @executable_path/Frameworks @loader_path/Frameworks";
				PRODUCT_BUNDLE_IDENTIFIER = uestc.SmartLockTests;
				PRODUCT_NAME = "$(TARGET_NAME)";
				TEST_HOST = "$(BUILT_PRODUCTS_DIR)/SmartLock.app/SmartLock";
			};
			name = Debug;
		};
		694278251CBA404D00F5887E /* Release */ = {
			isa = XCBuildConfiguration;
			buildSettings = {
				BUNDLE_LOADER = "$(TEST_HOST)";
				INFOPLIST_FILE = SmartLockTests/Info.plist;
				LD_RUNPATH_SEARCH_PATHS = "$(inherited) @executable_path/Frameworks @loader_path/Frameworks";
				PRODUCT_BUNDLE_IDENTIFIER = uestc.SmartLockTests;
				PRODUCT_NAME = "$(TARGET_NAME)";
				TEST_HOST = "$(BUILT_PRODUCTS_DIR)/SmartLock.app/SmartLock";
			};
			name = Release;
		};
		694278271CBA404D00F5887E /* Debug */ = {
			isa = XCBuildConfiguration;
			buildSettings = {
				INFOPLIST_FILE = SmartLockUITests/Info.plist;
				LD_RUNPATH_SEARCH_PATHS = "$(inherited) @executable_path/Frameworks @loader_path/Frameworks";
				PRODUCT_BUNDLE_IDENTIFIER = uestc.SmartLockUITests;
				PRODUCT_NAME = "$(TARGET_NAME)";
				TEST_TARGET_NAME = SmartLock;
			};
			name = Debug;
		};
		694278281CBA404D00F5887E /* Release */ = {
			isa = XCBuildConfiguration;
			buildSettings = {
				INFOPLIST_FILE = SmartLockUITests/Info.plist;
				LD_RUNPATH_SEARCH_PATHS = "$(inherited) @executable_path/Frameworks @loader_path/Frameworks";
				PRODUCT_BUNDLE_IDENTIFIER = uestc.SmartLockUITests;
				PRODUCT_NAME = "$(TARGET_NAME)";
				TEST_TARGET_NAME = SmartLock;
			};
			name = Release;
		};
		69AB44961CBB37BD006AEDF0 /* Debug */ = {
			isa = XCBuildConfiguration;
			buildSettings = {
				CODE_SIGN_IDENTITY = "-";
				MACOSX_DEPLOYMENT_TARGET = 10.11;
				PRODUCT_NAME = "$(TARGET_NAME)";
				SDKROOT = macosx;
			};
			name = Debug;
		};
		69AB44971CBB37BD006AEDF0 /* Release */ = {
			isa = XCBuildConfiguration;
			buildSettings = {
				CODE_SIGN_IDENTITY = "-";
				MACOSX_DEPLOYMENT_TARGET = 10.11;
				PRODUCT_NAME = "$(TARGET_NAME)";
				SDKROOT = macosx;
			};
			name = Release;
		};
/* End XCBuildConfiguration section */

/* Begin XCConfigurationList section */
		694277EB1CBA404D00F5887E /* Build configuration list for PBXProject "SmartLock" */ = {
			isa = XCConfigurationList;
			buildConfigurations = (
				6942781E1CBA404D00F5887E /* Debug */,
				6942781F1CBA404D00F5887E /* Release */,
			);
			defaultConfigurationIsVisible = 0;
			defaultConfigurationName = Release;
		};
		694278201CBA404D00F5887E /* Build configuration list for PBXNativeTarget "SmartLock" */ = {
			isa = XCConfigurationList;
			buildConfigurations = (
				694278211CBA404D00F5887E /* Debug */,
				694278221CBA404D00F5887E /* Release */,
			);
			defaultConfigurationIsVisible = 0;
			defaultConfigurationName = Release;
		};
		694278231CBA404D00F5887E /* Build configuration list for PBXNativeTarget "SmartLockTests" */ = {
			isa = XCConfigurationList;
			buildConfigurations = (
				694278241CBA404D00F5887E /* Debug */,
				694278251CBA404D00F5887E /* Release */,
			);
			defaultConfigurationIsVisible = 0;
			defaultConfigurationName = Release;
		};
		694278261CBA404D00F5887E /* Build configuration list for PBXNativeTarget "SmartLockUITests" */ = {
			isa = XCConfigurationList;
			buildConfigurations = (
				694278271CBA404D00F5887E /* Debug */,
				694278281CBA404D00F5887E /* Release */,
			);
			defaultConfigurationIsVisible = 0;
			defaultConfigurationName = Release;
		};
		69AB44981CBB37BD006AEDF0 /* Build configuration list for PBXNativeTarget "Demo" */ = {
			isa = XCConfigurationList;
			buildConfigurations = (
				69AB44961CBB37BD006AEDF0 /* Debug */,
				69AB44971CBB37BD006AEDF0 /* Release */,
			);
			defaultConfigurationIsVisible = 0;
			defaultConfigurationName = Release;
		};
/* End XCConfigurationList section */

/* Begin XCVersionGroup section */
		694277FF1CBA404D00F5887E /* SmartLock.xcdatamodeld */ = {
			isa = XCVersionGroup;
			children = (
				694278001CBA404D00F5887E /* SmartLock.xcdatamodel */,
			);
			currentVersion = 694278001CBA404D00F5887E /* SmartLock.xcdatamodel */;
			name = SmartLock.xcdatamodeld;
			path = SmartLock/SmartLock.xcdatamodeld;
			sourceTree = "<group>";
			versionGroupType = wrapper.xcdatamodel;
		};
/* End XCVersionGroup section */
	};
	rootObject = 694277E81CBA404D00F5887E /* Project object */;
}
